
Microsoft Visual Studio Solution File, Format Version 12.00
# Visual Studio Version 17
VisualStudioVersion = 17.10.35013.160
MinimumVisualStudioVersion = 10.0.40219.1
Project("{9A19103F-16F7-4668-BE54-9A1E7A4F7556}") = "Marina", "Marina\Marina.csproj", "{D3365085-F4B1-4A97-9071-C1B51A9939EE}"
EndProject
Project("{9A19103F-16F7-4668-BE54-9A1E7A4F7556}") = "Marina.DataAccess", "Marina.DataAccess\Marina.DataAccess.csproj", "{0B970875-8812-4C9E-855A-73F38CE9FB16}"
EndProject
Project("{9A19103F-16F7-4668-BE54-9A1E7A4F7556}") = "Marina.Models", "Marina.Models\Marina.Models.csproj", "{2A91EE6D-6D69-4576-B1FD-FD197BE62D19}"
EndProject
Project("{FAE04EC0-301F-11D3-BF4B-00C04F79EFBC}") = "Marina.Utils", "Marina.Utils\Marina.Utils.csproj", "{4231126B-7BA5-4D45-9EFC-D4370A44A1E2}"
EndProject
Global
	GlobalSection(SolutionConfigurationPlatforms) = preSolution
		Debug|Any CPU = Debug|Any CPU
		Release|Any CPU = Release|Any CPU
	EndGlobalSection
	GlobalSection(ProjectConfigurationPlatforms) = postSolution
		{D3365085-F4B1-4A97-9071-C1B51A9939EE}.Debug|Any CPU.ActiveCfg = Debug|Any CPU
		{D3365085-F4B1-4A97-9071-C1B51A9939EE}.Debug|Any CPU.Build.0 = Debug|Any CPU
		{D3365085-F4B1-4A97-9071-C1B51A9939EE}.Release|Any CPU.ActiveCfg = Release|Any CPU
		{D3365085-F4B1-4A97-9071-C1B51A9939EE}.Release|Any CPU.Build.0 = Release|Any CPU
		{0B970875-8812-4C9E-855A-73F38CE9FB16}.Debug|Any CPU.ActiveCfg = Debug|Any CPU
		{0B970875-8812-4C9E-855A-73F38CE9FB16}.Debug|Any CPU.Build.0 = Debug|Any CPU
		{0B970875-8812-4C9E-855A-73F38CE9FB16}.Release|Any CPU.ActiveCfg = Release|Any CPU
		{0B970875-8812-4C9E-855A-73F38CE9FB16}.Release|Any CPU.Build.0 = Release|Any CPU
		{2A91EE6D-6D69-4576-B1FD-FD197BE62D19}.Debug|Any CPU.ActiveCfg = Debug|Any CPU
		{2A91EE6D-6D69-4576-B1FD-FD197BE62D19}.Debug|Any CPU.Build.0 = Debug|Any CPU
		{2A91EE6D-6D69-4576-B1FD-FD197BE62D19}.Release|Any CPU.ActiveCfg = Release|Any CPU
		{2A91EE6D-6D69-4576-B1FD-FD197BE62D19}.Release|Any CPU.Build.0 = Release|Any CPU
		{4231126B-7BA5-4D45-9EFC-D4370A44A1E2}.Debug|Any CPU.ActiveCfg = Debug|Any CPU
		{4231126B-7BA5-4D45-9EFC-D4370A44A1E2}.Debug|Any CPU.Build.0 = Debug|Any CPU
		{4231126B-7BA5-4D45-9EFC-D4370A44A1E2}.Release|Any CPU.ActiveCfg = Release|Any CPU
		{4231126B-7BA5-4D45-9EFC-D4370A44A1E2}.Release|Any CPU.Build.0 = Release|Any CPU
	EndGlobalSection
	GlobalSection(SolutionProperties) = preSolution
		HideSolutionNode = FALSE
	EndGlobalSection
	GlobalSection(ExtensibilityGlobals) = postSolution
		SolutionGuid = {F19297D3-E0A6-455E-9990-BCCA385B87FB}
	EndGlobalSection
EndGlobal
